// !$*UTF8*$!
{
	archiveVersion = 1;
	classes = {
	};
	objectVersion = 48;
	objects = {

/* Begin PBXBuildFile section */
		79278F121F958D8000BAEB3D /* BrowserCell.swift in Sources */ = {isa = PBXBuildFile; fileRef = 79278F111F958D8000BAEB3D /* BrowserCell.swift */; };
		792BB6861F9018B8003F9FF1 /* AppDelegate.swift in Sources */ = {isa = PBXBuildFile; fileRef = 792BB6851F9018B8003F9FF1 /* AppDelegate.swift */; };
		792BB6881F9018B8003F9FF1 /* ViewController.swift in Sources */ = {isa = PBXBuildFile; fileRef = 792BB6871F9018B8003F9FF1 /* ViewController.swift */; };
		792BB68B1F9018B8003F9FF1 /* Main.storyboard in Resources */ = {isa = PBXBuildFile; fileRef = 792BB6891F9018B8003F9FF1 /* Main.storyboard */; };
		792BB68D1F9018B8003F9FF1 /* Assets.xcassets in Resources */ = {isa = PBXBuildFile; fileRef = 792BB68C1F9018B8003F9FF1 /* Assets.xcassets */; };
		792BB6901F9018B8003F9FF1 /* LaunchScreen.storyboard in Resources */ = {isa = PBXBuildFile; fileRef = 792BB68E1F9018B8003F9FF1 /* LaunchScreen.storyboard */; };
		792BB69B1F9018B8003F9FF1 /* PhotoBrowserTests.swift in Sources */ = {isa = PBXBuildFile; fileRef = 792BB69A1F9018B8003F9FF1 /* PhotoBrowserTests.swift */; };
		792BB6A61F9018B8003F9FF1 /* PhotoBrowserUITests.swift in Sources */ = {isa = PBXBuildFile; fileRef = 792BB6A51F9018B8003F9FF1 /* PhotoBrowserUITests.swift */; };
		792BB6B41F901B80003F9FF1 /* Photo.swift in Sources */ = {isa = PBXBuildFile; fileRef = 792BB6B31F901B80003F9FF1 /* Photo.swift */; };
		79B954001F91AC19000F370E /* ImageService.swift in Sources */ = {isa = PBXBuildFile; fileRef = 79B953FF1F91AC19000F370E /* ImageService.swift */; };
		79B954041F91B983000F370E /* PhotoViewController.swift in Sources */ = {isa = PBXBuildFile; fileRef = 79B954031F91B983000F370E /* PhotoViewController.swift */; };
/* End PBXBuildFile section */

/* Begin PBXContainerItemProxy section */
		792BB6971F9018B8003F9FF1 /* PBXContainerItemProxy */ = {
			isa = PBXContainerItemProxy;
			containerPortal = 792BB67A1F9018B8003F9FF1 /* Project object */;
			proxyType = 1;
			remoteGlobalIDString = 792BB6811F9018B8003F9FF1;
			remoteInfo = PhotoBrowser;
		};
		792BB6A21F9018B8003F9FF1 /* PBXContainerItemProxy */ = {
			isa = PBXContainerItemProxy;
			containerPortal = 792BB67A1F9018B8003F9FF1 /* Project object */;
			proxyType = 1;
			remoteGlobalIDString = 792BB6811F9018B8003F9FF1;
			remoteInfo = PhotoBrowser;
		};
/* End PBXContainerItemProxy section */

/* Begin PBXFileReference section */
		79278F111F958D8000BAEB3D /* BrowserCell.swift */ = {isa = PBXFileReference; lastKnownFileType = sourcecode.swift; path = BrowserCell.swift; sourceTree = "<group>"; };
		792BB6821F9018B8003F9FF1 /* PhotoBrowser.app */ = {isa = PBXFileReference; explicitFileType = wrapper.application; includeInIndex = 0; path = PhotoBrowser.app; sourceTree = BUILT_PRODUCTS_DIR; };
		792BB6851F9018B8003F9FF1 /* AppDelegate.swift */ = {isa = PBXFileReference; lastKnownFileType = sourcecode.swift; path = AppDelegate.swift; sourceTree = "<group>"; };
		792BB6871F9018B8003F9FF1 /* ViewController.swift */ = {isa = PBXFileReference; lastKnownFileType = sourcecode.swift; path = ViewController.swift; sourceTree = "<group>"; };
		792BB68A1F9018B8003F9FF1 /* Base */ = {isa = PBXFileReference; lastKnownFileType = file.storyboard; name = Base; path = Base.lproj/Main.storyboard; sourceTree = "<group>"; };
		792BB68C1F9018B8003F9FF1 /* Assets.xcassets */ = {isa = PBXFileReference; lastKnownFileType = folder.assetcatalog; path = Assets.xcassets; sourceTree = "<group>"; };
		792BB68F1F9018B8003F9FF1 /* Base */ = {isa = PBXFileReference; lastKnownFileType = file.storyboard; name = Base; path = Base.lproj/LaunchScreen.storyboard; sourceTree = "<group>"; };
		792BB6911F9018B8003F9FF1 /* Info.plist */ = {isa = PBXFileReference; lastKnownFileType = text.plist.xml; path = Info.plist; sourceTree = "<group>"; };
		792BB6961F9018B8003F9FF1 /* PhotoBrowserTests.xctest */ = {isa = PBXFileReference; explicitFileType = wrapper.cfbundle; includeInIndex = 0; path = PhotoBrowserTests.xctest; sourceTree = BUILT_PRODUCTS_DIR; };
		792BB69A1F9018B8003F9FF1 /* PhotoBrowserTests.swift */ = {isa = PBXFileReference; lastKnownFileType = sourcecode.swift; path = PhotoBrowserTests.swift; sourceTree = "<group>"; };
		792BB69C1F9018B8003F9FF1 /* Info.plist */ = {isa = PBXFileReference; lastKnownFileType = text.plist.xml; path = Info.plist; sourceTree = "<group>"; };
		792BB6A11F9018B8003F9FF1 /* PhotoBrowserUITests.xctest */ = {isa = PBXFileReference; explicitFileType = wrapper.cfbundle; includeInIndex = 0; path = PhotoBrowserUITests.xctest; sourceTree = BUILT_PRODUCTS_DIR; };
		792BB6A51F9018B8003F9FF1 /* PhotoBrowserUITests.swift */ = {isa = PBXFileReference; lastKnownFileType = sourcecode.swift; path = PhotoBrowserUITests.swift; sourceTree = "<group>"; };
		792BB6A71F9018B8003F9FF1 /* Info.plist */ = {isa = PBXFileReference; lastKnownFileType = text.plist.xml; path = Info.plist; sourceTree = "<group>"; };
		792BB6B31F901B80003F9FF1 /* Photo.swift */ = {isa = PBXFileReference; lastKnownFileType = sourcecode.swift; path = Photo.swift; sourceTree = "<group>"; };
		79B953FF1F91AC19000F370E /* ImageService.swift */ = {isa = PBXFileReference; lastKnownFileType = sourcecode.swift; path = ImageService.swift; sourceTree = "<group>"; };
		79B954031F91B983000F370E /* PhotoViewController.swift */ = {isa = PBXFileReference; lastKnownFileType = sourcecode.swift; path = PhotoViewController.swift; sourceTree = "<group>"; };
/* End PBXFileReference section */

/* Begin PBXFrameworksBuildPhase section */
		792BB67F1F9018B8003F9FF1 /* Frameworks */ = {
			isa = PBXFrameworksBuildPhase;
			buildActionMask = 2147483647;
			files = (
			);
			runOnlyForDeploymentPostprocessing = 0;
		};
		792BB6931F9018B8003F9FF1 /* Frameworks */ = {
			isa = PBXFrameworksBuildPhase;
			buildActionMask = 2147483647;
			files = (
			);
			runOnlyForDeploymentPostprocessing = 0;
		};
		792BB69E1F9018B8003F9FF1 /* Frameworks */ = {
			isa = PBXFrameworksBuildPhase;
			buildActionMask = 2147483647;
			files = (
			);
			runOnlyForDeploymentPostprocessing = 0;
		};
/* End PBXFrameworksBuildPhase section */

/* Begin PBXGroup section */
		792BB6791F9018B8003F9FF1 = {
			isa = PBXGroup;
			children = (
				792BB6841F9018B8003F9FF1 /* PhotoBrowser */,
				792BB6991F9018B8003F9FF1 /* PhotoBrowserTests */,
				792BB6A41F9018B8003F9FF1 /* PhotoBrowserUITests */,
				792BB6831F9018B8003F9FF1 /* Products */,
			);
			sourceTree = "<group>";
		};
		792BB6831F9018B8003F9FF1 /* Products */ = {
			isa = PBXGroup;
			children = (
				792BB6821F9018B8003F9FF1 /* PhotoBrowser.app */,
				792BB6961F9018B8003F9FF1 /* PhotoBrowserTests.xctest */,
				792BB6A11F9018B8003F9FF1 /* PhotoBrowserUITests.xctest */,
			);
			name = Products;
			sourceTree = "<group>";
		};
		792BB6841F9018B8003F9FF1 /* PhotoBrowser */ = {
			isa = PBXGroup;
			children = (
				792BB6851F9018B8003F9FF1 /* AppDelegate.swift */,
				79B953FF1F91AC19000F370E /* ImageService.swift */,
				792BB6871F9018B8003F9FF1 /* ViewController.swift */,
				79278F111F958D8000BAEB3D /* BrowserCell.swift */,
				792BB6B31F901B80003F9FF1 /* Photo.swift */,
				792BB6891F9018B8003F9FF1 /* Main.storyboard */,
				79B954031F91B983000F370E /* PhotoViewController.swift */,
				792BB68C1F9018B8003F9FF1 /* Assets.xcassets */,
				792BB68E1F9018B8003F9FF1 /* LaunchScreen.storyboard */,
				792BB6911F9018B8003F9FF1 /* Info.plist */,
			);
			path = PhotoBrowser;
			sourceTree = "<group>";
		};
		792BB6991F9018B8003F9FF1 /* PhotoBrowserTests */ = {
			isa = PBXGroup;
			children = (
				792BB69A1F9018B8003F9FF1 /* PhotoBrowserTests.swift */,
				792BB69C1F9018B8003F9FF1 /* Info.plist */,
			);
			path = PhotoBrowserTests;
			sourceTree = "<group>";
		};
		792BB6A41F9018B8003F9FF1 /* PhotoBrowserUITests */ = {
			isa = PBXGroup;
			children = (
				792BB6A51F9018B8003F9FF1 /* PhotoBrowserUITests.swift */,
				792BB6A71F9018B8003F9FF1 /* Info.plist */,
			);
			path = PhotoBrowserUITests;
			sourceTree = "<group>";
		};
/* End PBXGroup section */

/* Begin PBXNativeTarget section */
		792BB6811F9018B8003F9FF1 /* PhotoBrowser */ = {
			isa = PBXNativeTarget;
			buildConfigurationList = 792BB6AA1F9018B8003F9FF1 /* Build configuration list for PBXNativeTarget "PhotoBrowser" */;
			buildPhases = (
				792BB67E1F9018B8003F9FF1 /* Sources */,
				792BB67F1F9018B8003F9FF1 /* Frameworks */,
				792BB6801F9018B8003F9FF1 /* Resources */,
			);
			buildRules = (
			);
			dependencies = (
			);
			name = PhotoBrowser;
			productName = PhotoBrowser;
			productReference = 792BB6821F9018B8003F9FF1 /* PhotoBrowser.app */;
			productType = "com.apple.product-type.application";
		};
		792BB6951F9018B8003F9FF1 /* PhotoBrowserTests */ = {
			isa = PBXNativeTarget;
			buildConfigurationList = 792BB6AD1F9018B8003F9FF1 /* Build configuration list for PBXNativeTarget "PhotoBrowserTests" */;
			buildPhases = (
				792BB6921F9018B8003F9FF1 /* Sources */,
				792BB6931F9018B8003F9FF1 /* Frameworks */,
				792BB6941F9018B8003F9FF1 /* Resources */,
			);
			buildRules = (
			);
			dependencies = (
				792BB6981F9018B8003F9FF1 /* PBXTargetDependency */,
			);
			name = PhotoBrowserTests;
			productName = PhotoBrowserTests;
			productReference = 792BB6961F9018B8003F9FF1 /* PhotoBrowserTests.xctest */;
			productType = "com.apple.product-type.bundle.unit-test";
		};
		792BB6A01F9018B8003F9FF1 /* PhotoBrowserUITests */ = {
			isa = PBXNativeTarget;
			buildConfigurationList = 792BB6B01F9018B8003F9FF1 /* Build configuration list for PBXNativeTarget "PhotoBrowserUITests" */;
			buildPhases = (
				792BB69D1F9018B8003F9FF1 /* Sources */,
				792BB69E1F9018B8003F9FF1 /* Frameworks */,
				792BB69F1F9018B8003F9FF1 /* Resources */,
			);
			buildRules = (
			);
			dependencies = (
				792BB6A31F9018B8003F9FF1 /* PBXTargetDependency */,
			);
			name = PhotoBrowserUITests;
			productName = PhotoBrowserUITests;
			productReference = 792BB6A11F9018B8003F9FF1 /* PhotoBrowserUITests.xctest */;
			productType = "com.apple.product-type.bundle.ui-testing";
		};
/* End PBXNativeTarget section */

/* Begin PBXProject section */
		792BB67A1F9018B8003F9FF1 /* Project object */ = {
			isa = PBXProject;
			attributes = {
				LastSwiftUpdateCheck = 0900;
				LastUpgradeCheck = 0900;
				ORGANIZATIONNAME = "Anna Nguyen";
				TargetAttributes = {
					792BB6811F9018B8003F9FF1 = {
						CreatedOnToolsVersion = 9.0;
						ProvisioningStyle = Automatic;
					};
					792BB6951F9018B8003F9FF1 = {
						CreatedOnToolsVersion = 9.0;
						ProvisioningStyle = Automatic;
						TestTargetID = 792BB6811F9018B8003F9FF1;
					};
					792BB6A01F9018B8003F9FF1 = {
						CreatedOnToolsVersion = 9.0;
						ProvisioningStyle = Automatic;
						TestTargetID = 792BB6811F9018B8003F9FF1;
					};
				};
			};
			buildConfigurationList = 792BB67D1F9018B8003F9FF1 /* Build configuration list for PBXProject "PhotoBrowser" */;
			compatibilityVersion = "Xcode 8.0";
			developmentRegion = en;
			hasScannedForEncodings = 0;
			knownRegions = (
				en,
				Base,
			);
			mainGroup = 792BB6791F9018B8003F9FF1;
			productRefGroup = 792BB6831F9018B8003F9FF1 /* Products */;
			projectDirPath = "";
			projectRoot = "";
			targets = (
				792BB6811F9018B8003F9FF1 /* PhotoBrowser */,
				792BB6951F9018B8003F9FF1 /* PhotoBrowserTests */,
				792BB6A01F9018B8003F9FF1 /* PhotoBrowserUITests */,
			);
		};
/* End PBXProject section */

/* Begin PBXResourcesBuildPhase section */
		792BB6801F9018B8003F9FF1 /* Resources */ = {
			isa = PBXResourcesBuildPhase;
			buildActionMask = 2147483647;
			files = (
				792BB6901F9018B8003F9FF1 /* LaunchScreen.storyboard in Resources */,
				792BB68D1F9018B8003F9FF1 /* Assets.xcassets in Resources */,
				792BB68B1F9018B8003F9FF1 /* Main.storyboard in Resources */,
			);
			runOnlyForDeploymentPostprocessing = 0;
		};
		792BB6941F9018B8003F9FF1 /* Resources */ = {
			isa = PBXResourcesBuildPhase;
			buildActionMask = 2147483647;
			files = (
			);
			runOnlyForDeploymentPostprocessing = 0;
		};
		792BB69F1F9018B8003F9FF1 /* Resources */ = {
			isa = PBXResourcesBuildPhase;
			buildActionMask = 2147483647;
			files = (
			);
			runOnlyForDeploymentPostprocessing = 0;
		};
/* End PBXResourcesBuildPhase section */

/* Begin PBXSourcesBuildPhase section */
		792BB67E1F9018B8003F9FF1 /* Sources */ = {
			isa = PBXSourcesBuildPhase;
			buildActionMask = 2147483647;
			files = (
				79278F121F958D8000BAEB3D /* BrowserCell.swift in Sources */,
				792BB6B41F901B80003F9FF1 /* Photo.swift in Sources */,
				792BB6881F9018B8003F9FF1 /* ViewController.swift in Sources */,
				79B954001F91AC19000F370E /* ImageService.swift in Sources */,
				792BB6861F9018B8003F9FF1 /* AppDelegate.swift in Sources */,
				79B954041F91B983000F370E /* PhotoViewController.swift in Sources */,
			);
			runOnlyForDeploymentPostprocessing = 0;
		};
		792BB6921F9018B8003F9FF1 /* Sources */ = {
			isa = PBXSourcesBuildPhase;
			buildActionMask = 2147483647;
			files = (
				792BB69B1F9018B8003F9FF1 /* PhotoBrowserTests.swift in Sources */,
			);
			runOnlyForDeploymentPostprocessing = 0;
		};
		792BB69D1F9018B8003F9FF1 /* Sources */ = {
			isa = PBXSourcesBuildPhase;
			buildActionMask = 2147483647;
			files = (
				792BB6A61F9018B8003F9FF1 /* PhotoBrowserUITests.swift in Sources */,
			);
			runOnlyForDeploymentPostprocessing = 0;
		};
/* End PBXSourcesBuildPhase section */

/* Begin PBXTargetDependency section */
		792BB6981F9018B8003F9FF1 /* PBXTargetDependency */ = {
			isa = PBXTargetDependency;
			target = 792BB6811F9018B8003F9FF1 /* PhotoBrowser */;
			targetProxy = 792BB6971F9018B8003F9FF1 /* PBXContainerItemProxy */;
		};
		792BB6A31F9018B8003F9FF1 /* PBXTargetDependency */ = {
			isa = PBXTargetDependency;
			target = 792BB6811F9018B8003F9FF1 /* PhotoBrowser */;
			targetProxy = 792BB6A21F9018B8003F9FF1 /* PBXContainerItemProxy */;
		};
/* End PBXTargetDependency section */

/* Begin PBXVariantGroup section */
		792BB6891F9018B8003F9FF1 /* Main.storyboard */ = {
			isa = PBXVariantGroup;
			children = (
				792BB68A1F9018B8003F9FF1 /* Base */,
			);
			name = Main.storyboard;
			sourceTree = "<group>";
		};
		792BB68E1F9018B8003F9FF1 /* LaunchScreen.storyboard */ = {
			isa = PBXVariantGroup;
			children = (
				792BB68F1F9018B8003F9FF1 /* Base */,
			);
			name = LaunchScreen.storyboard;
			sourceTree = "<group>";
		};
/* End PBXVariantGroup section */

/* Begin XCBuildConfiguration section */
		792BB6A81F9018B8003F9FF1 /* Debug */ = {
			isa = XCBuildConfiguration;
			buildSettings = {
				ALWAYS_SEARCH_USER_PATHS = NO;
				CLANG_ANALYZER_NONNULL = YES;
				CLANG_ANALYZER_NUMBER_OBJECT_CONVERSION = YES_AGGRESSIVE;
				CLANG_CXX_LANGUAGE_STANDARD = "gnu++14";
				CLANG_CXX_LIBRARY = "libc++";
				CLANG_ENABLE_MODULES = YES;
				CLANG_ENABLE_OBJC_ARC = YES;
				CLANG_WARN_BLOCK_CAPTURE_AUTORELEASING = YES;
				CLANG_WARN_BOOL_CONVERSION = YES;
				CLANG_WARN_COMMA = YES;
				CLANG_WARN_CONSTANT_CONVERSION = YES;
				CLANG_WARN_DIRECT_OBJC_ISA_USAGE = YES_ERROR;
				CLANG_WARN_DOCUMENTATION_COMMENTS = YES;
				CLANG_WARN_EMPTY_BODY = YES;
				CLANG_WARN_ENUM_CONVERSION = YES;
				CLANG_WARN_INFINITE_RECURSION = YES;
				CLANG_WARN_INT_CONVERSION = YES;
				CLANG_WARN_NON_LITERAL_NULL_CONVERSION = YES;
				CLANG_WARN_OBJC_LITERAL_CONVERSION = YES;
				CLANG_WARN_OBJC_ROOT_CLASS = YES_ERROR;
				CLANG_WARN_RANGE_LOOP_ANALYSIS = YES;
				CLANG_WARN_STRICT_PROTOTYPES = YES;
				CLANG_WARN_SUSPICIOUS_MOVE = YES;
				CLANG_WARN_UNGUARDED_AVAILABILITY = YES_AGGRESSIVE;
				CLANG_WARN_UNREACHABLE_CODE = YES;
				CLANG_WARN__DUPLICATE_METHOD_MATCH = YES;
				CODE_SIGN_IDENTITY = "iPhone Developer";
				COPY_PHASE_STRIP = NO;
				DEBUG_INFORMATION_FORMAT = dwarf;
				ENABLE_STRICT_OBJC_MSGSEND = YES;
				ENABLE_TESTABILITY = YES;
				GCC_C_LANGUAGE_STANDARD = gnu11;
				GCC_DYNAMIC_NO_PIC = NO;
				GCC_NO_COMMON_BLOCKS = YES;
				GCC_OPTIMIZATION_LEVEL = 0;
				GCC_PREPROCESSOR_DEFINITIONS = (
					"DEBUG=1",
					"$(inherited)",
				);
				GCC_WARN_64_TO_32_BIT_CONVERSION = YES;
				GCC_WARN_ABOUT_RETURN_TYPE = YES_ERROR;
				GCC_WARN_UNDECLARED_SELECTOR = YES;
				GCC_WARN_UNINITIALIZED_AUTOS = YES_AGGRESSIVE;
				GCC_WARN_UNUSED_FUNCTION = YES;
				GCC_WARN_UNUSED_VARIABLE = YES;
				IPHONEOS_DEPLOYMENT_TARGET = 11.0;
				MTL_ENABLE_DEBUG_INFO = YES;
				ONLY_ACTIVE_ARCH = YES;
				SDKROOT = iphoneos;
				SWIFT_ACTIVE_COMPILATION_CONDITIONS = DEBUG;
				SWIFT_OPTIMIZATION_LEVEL = "-Onone";
			};
			name = Debug;
		};
		792BB6A91F9018B8003F9FF1 /* Release */ = {
			isa = XCBuildConfiguration;
			buildSettings = {
				ALWAYS_SEARCH_USER_PATHS = NO;
				CLANG_ANALYZER_NONNULL = YES;
				CLANG_ANALYZER_NUMBER_OBJECT_CONVERSION = YES_AGGRESSIVE;
				CLANG_CXX_LANGUAGE_STANDARD = "gnu++14";
				CLANG_CXX_LIBRARY = "libc++";
				CLANG_ENABLE_MODULES = YES;
				CLANG_ENABLE_OBJC_ARC = YES;
				CLANG_WARN_BLOCK_CAPTURE_AUTORELEASING = YES;
				CLANG_WARN_BOOL_CONVERSION = YES;
				CLANG_WARN_COMMA = YES;
				CLANG_WARN_CONSTANT_CONVERSION = YES;
				CLANG_WARN_DIRECT_OBJC_ISA_USAGE = YES_ERROR;
				CLANG_WARN_DOCUMENTATION_COMMENTS = YES;
				CLANG_WARN_EMPTY_BODY = YES;
				CLANG_WARN_ENUM_CONVERSION = YES;
				CLANG_WARN_INFINITE_RECURSION = YES;
				CLANG_WARN_INT_CONVERSION = YES;
				CLANG_WARN_NON_LITERAL_NULL_CONVERSION = YES;
				CLANG_WARN_OBJC_LITERAL_CONVERSION = YES;
				CLANG_WARN_OBJC_ROOT_CLASS = YES_ERROR;
				CLANG_WARN_RANGE_LOOP_ANALYSIS = YES;
				CLANG_WARN_STRICT_PROTOTYPES = YES;
				CLANG_WARN_SUSPICIOUS_MOVE = YES;
				CLANG_WARN_UNGUARDED_AVAILABILITY = YES_AGGRESSIVE;
				CLANG_WARN_UNREACHABLE_CODE = YES;
				CLANG_WARN__DUPLICATE_METHOD_MATCH = YES;
				CODE_SIGN_IDENTITY = "iPhone Developer";
				COPY_PHASE_STRIP = NO;
				DEBUG_INFORMATION_FORMAT = "dwarf-with-dsym";
				ENABLE_NS_ASSERTIONS = NO;
				ENABLE_STRICT_OBJC_MSGSEND = YES;
				GCC_C_LANGUAGE_STANDARD = gnu11;
				GCC_NO_COMMON_BLOCKS = YES;
				GCC_WARN_64_TO_32_BIT_CONVERSION = YES;
				GCC_WARN_ABOUT_RETURN_TYPE = YES_ERROR;
				GCC_WARN_UNDECLARED_SELECTOR = YES;
				GCC_WARN_UNINITIALIZED_AUTOS = YES_AGGRESSIVE;
				GCC_WARN_UNUSED_FUNCTION = YES;
				GCC_WARN_UNUSED_VARIABLE = YES;
				IPHONEOS_DEPLOYMENT_TARGET = 11.0;
				MTL_ENABLE_DEBUG_INFO = NO;
				SDKROOT = iphoneos;
				SWIFT_OPTIMIZATION_LEVEL = "-Owholemodule";
				VALIDATE_PRODUCT = YES;
			};
			name = Release;
		};
		792BB6AB1F9018B8003F9FF1 /* Debug */ = {
			isa = XCBuildConfiguration;
			buildSettings = {
				ASSETCATALOG_COMPILER_APPICON_NAME = AppIcon;
				CODE_SIGN_STYLE = Automatic;
				INFOPLIST_FILE = PhotoBrowser/Info.plist;
				LD_RUNPATH_SEARCH_PATHS = "$(inherited) @executable_path/Frameworks";
				PRODUCT_BUNDLE_IDENTIFIER = mobileApps.PhotoBrowser;
				PRODUCT_NAME = "$(TARGET_NAME)";
				SWIFT_VERSION = 4.0;
				TARGETED_DEVICE_FAMILY = "1,2";
			};
			name = Debug;
		};
		792BB6AC1F9018B8003F9FF1 /* Release */ = {
			isa = XCBuildConfiguration;
			buildSettings = {
				ASSETCATALOG_COMPILER_APPICON_NAME = AppIcon;
				CODE_SIGN_STYLE = Automatic;
				INFOPLIST_FILE = PhotoBrowser/Info.plist;
				LD_RUNPATH_SEARCH_PATHS = "$(inherited) @executable_path/Frameworks";
				PRODUCT_BUNDLE_IDENTIFIER = mobileApps.PhotoBrowser;
				PRODUCT_NAME = "$(TARGET_NAME)";
				SWIFT_VERSION = 4.0;
				TARGETED_DEVICE_FAMILY = "1,2";
			};
			name = Release;
		};
		792BB6AE1F9018B8003F9FF1 /* Debug */ = {
			isa = XCBuildConfiguration;
			buildSettings = {
				ALWAYS_EMBED_SWIFT_STANDARD_LIBRARIES = YES;
				BUNDLE_LOADER = "$(TEST_HOST)";
				CODE_SIGN_STYLE = Automatic;
				INFOPLIST_FILE = PhotoBrowserTests/Info.plist;
				LD_RUNPATH_SEARCH_PATHS = "$(inherited) @executable_path/Frameworks @loader_path/Frameworks";
				PRODUCT_BUNDLE_IDENTIFIER = mobileApps.PhotoBrowserTests;
				PRODUCT_NAME = "$(TARGET_NAME)";
				SWIFT_VERSION = 4.0;
				TARGETED_DEVICE_FAMILY = "1,2";
				TEST_HOST = "$(BUILT_PRODUCTS_DIR)/PhotoBrowser.app/PhotoBrowser";
			};
			name = Debug;
		};
		792BB6AF1F9018B8003F9FF1 /* Release */ = {
			isa = XCBuildConfiguration;
			buildSettings = {
				ALWAYS_EMBED_SWIFT_STANDARD_LIBRARIES = YES;
				BUNDLE_LOADER = "$(TEST_HOST)";
				CODE_SIGN_STYLE = Automatic;
				INFOPLIST_FILE = PhotoBrowserTests/Info.plist;
				LD_RUNPATH_SEARCH_PATHS = "$(inherited) @executable_path/Frameworks @loader_path/Frameworks";
				PRODUCT_BUNDLE_IDENTIFIER = mobileApps.PhotoBrowserTests;
				PRODUCT_NAME = "$(TARGET_NAME)";
				SWIFT_VERSION = 4.0;
				TARGETED_DEVICE_FAMILY = "1,2";
				TEST_HOST = "$(BUILT_PRODUCTS_DIR)/PhotoBrowser.app/PhotoBrowser";
			};
			name = Release;
		};
		792BB6B11F9018B8003F9FF1 /* Debug */ = {
			isa = XCBuildConfiguration;
			buildSettings = {
				ALWAYS_EMBED_SWIFT_STANDARD_LIBRARIES = YES;
				CODE_SIGN_STYLE = Automatic;
				INFOPLIST_FILE = PhotoBrowserUITests/Info.plist;
				LD_RUNPATH_SEARCH_PATHS = "$(inherited) @executable_path/Frameworks @loader_path/Frameworks";
				PRODUCT_BUNDLE_IDENTIFIER = mobileApps.PhotoBrowserUITests;
				PRODUCT_NAME = "$(TARGET_NAME)";
				SWIFT_VERSION = 4.0;
				TARGETED_DEVICE_FAMILY = "1,2";
				TEST_TARGET_NAME = PhotoBrowser;
			};
			name = Debug;
		};
		792BB6B21F9018B8003F9FF1 /* Release */ = {
			isa = XCBuildConfiguration;
			buildSettings = {
				ALWAYS_EMBED_SWIFT_STANDARD_LIBRARIES = YES;
				CODE_SIGN_STYLE = Automatic;
				INFOPLIST_FILE = PhotoBrowserUITests/Info.plist;
				LD_RUNPATH_SEARCH_PATHS = "$(inherited) @executable_path/Frameworks @loader_path/Frameworks";
				PRODUCT_BUNDLE_IDENTIFIER = mobileApps.PhotoBrowserUITests;
				PRODUCT_NAME = "$(TARGET_NAME)";
				SWIFT_VERSION = 4.0;
				TARGETED_DEVICE_FAMILY = "1,2";
				TEST_TARGET_NAME = PhotoBrowser;
			};
			name = Release;
		};
/* End XCBuildConfiguration section */

/* Begin XCConfigurationList section */
		792BB67D1F9018B8003F9FF1 /* Build configuration list for PBXProject "PhotoBrowser" */ = {
			isa = XCConfigurationList;
			buildConfigurations = (
				792BB6A81F9018B8003F9FF1 /* Debug */,
				792BB6A91F9018B8003F9FF1 /* Release */,
			);
			defaultConfigurationIsVisible = 0;
			defaultConfigurationName = Release;
		};
		792BB6AA1F9018B8003F9FF1 /* Build configuration list for PBXNativeTarget "PhotoBrowser" */ = {
			isa = XCConfigurationList;
			buildConfigurations = (
				792BB6AB1F9018B8003F9FF1 /* Debug */,
				792BB6AC1F9018B8003F9FF1 /* Release */,
			);
			defaultConfigurationIsVisible = 0;
			defaultConfigurationName = Release;
		};
		792BB6AD1F9018B8003F9FF1 /* Build configuration list for PBXNativeTarget "PhotoBrowserTests" */ = {
			isa = XCConfigurationList;
			buildConfigurations = (
				792BB6AE1F9018B8003F9FF1 /* Debug */,
				792BB6AF1F9018B8003F9FF1 /* Release */,
			);
			defaultConfigurationIsVisible = 0;
			defaultConfigurationName = Release;
		};
		792BB6B01F9018B8003F9FF1 /* Build configuration list for PBXNativeTarget "PhotoBrowserUITests" */ = {
			isa = XCConfigurationList;
			buildConfigurations = (
				792BB6B11F9018B8003F9FF1 /* Debug */,
				792BB6B21F9018B8003F9FF1 /* Release */,
			);
			defaultConfigurationIsVisible = 0;
			defaultConfigurationName = Release;
		};
/* End XCConfigurationList section */
	};
	rootObject = 792BB67A1F9018B8003F9FF1 /* Project object */;
}
